// !$*UTF8*$!
{
	archiveVersion = 1;
	classes = {
	};
	objectVersion = 46;
	objects = {

/* Begin PBXBuildFile section */
		7526796E15C108A800326B37 /* libz.dylib in Frameworks */ = {isa = PBXBuildFile; fileRef = 7526796D15C108A800326B37 /* libz.dylib */; };
		75420A4015C0E1840044183F /* UIKit.framework in Frameworks */ = {isa = PBXBuildFile; fileRef = 75420A3F15C0E1840044183F /* UIKit.framework */; };
		75420A4215C0E1840044183F /* Foundation.framework in Frameworks */ = {isa = PBXBuildFile; fileRef = 75420A4115C0E1840044183F /* Foundation.framework */; };
		75420A4415C0E1840044183F /* CoreGraphics.framework in Frameworks */ = {isa = PBXBuildFile; fileRef = 75420A4315C0E1840044183F /* CoreGraphics.framework */; };
		75420A4615C0E1840044183F /* QuartzCore.framework in Frameworks */ = {isa = PBXBuildFile; fileRef = 75420A4515C0E1840044183F /* QuartzCore.framework */; };
		75420A4815C0E1840044183F /* OpenGLES.framework in Frameworks */ = {isa = PBXBuildFile; fileRef = 75420A4715C0E1840044183F /* OpenGLES.framework */; };
		75420A4E15C0E1840044183F /* InfoPlist.strings in Resources */ = {isa = PBXBuildFile; fileRef = 75420A4C15C0E1840044183F /* InfoPlist.strings */; };
		75420A5015C0E1840044183F /* main.m in Sources */ = {isa = PBXBuildFile; fileRef = 75420A4F15C0E1840044183F /* main.m */; };
		75420A5415C0E1840044183F /* iOSSampleAppDelegate.mm in Sources */ = {isa = PBXBuildFile; fileRef = 75420A5315C0E1840044183F /* iOSSampleAppDelegate.mm */; };
		75420A5715C0E1840044183F /* MainWindow.xib in Resources */ = {isa = PBXBuildFile; fileRef = 75420A5515C0E1840044183F /* MainWindow.xib */; };
		75420A5E15C0E1840044183F /* EAGLView.mm in Sources */ = {isa = PBXBuildFile; fileRef = 75420A5D15C0E1840044183F /* EAGLView.mm */; };
		75420A6115C0E1840044183F /* iOSSampleViewController.mm in Sources */ = {isa = PBXBuildFile; fileRef = 75420A6015C0E1840044183F /* iOSSampleViewController.mm */; };
		75420A6415C0E1840044183F /* iOSSampleViewController.xib in Resources */ = {isa = PBXBuildFile; fileRef = 75420A6215C0E1840044183F /* iOSSampleViewController.xib */; };
		756C7CBC16F96CB8007BC63D /* PortabilityTest.cpp in Sources */ = {isa = PBXBuildFile; fileRef = 756C7CBA16F96CB8007BC63D /* PortabilityTest.cpp */; };
		756C7CE516F97217007BC63D /* libParabolaEngine.a in Frameworks */ = {isa = PBXBuildFile; fileRef = 756C7CE416F97217007BC63D /* libParabolaEngine.a */; };
		756C7CED16F97232007BC63D /* libBox2D.a in Frameworks */ = {isa = PBXBuildFile; fileRef = 756C7CE616F97232007BC63D /* libBox2D.a */; };
		756C7CEE16F97232007BC63D /* libENET.a in Frameworks */ = {isa = PBXBuildFile; fileRef = 756C7CE716F97232007BC63D /* libENET.a */; };
		756C7CEF16F97232007BC63D /* libfreetype.a in Frameworks */ = {isa = PBXBuildFile; fileRef = 756C7CE816F97232007BC63D /* libfreetype.a */; };
		756C7CF016F97232007BC63D /* libGLUES.a in Frameworks */ = {isa = PBXBuildFile; fileRef = 756C7CE916F97232007BC63D /* libGLUES.a */; };
		756C7CF116F97232007BC63D /* libRocketControls_d.a in Frameworks */ = {isa = PBXBuildFile; fileRef = 756C7CEA16F97232007BC63D /* libRocketControls_d.a */; };
		756C7CF216F97232007BC63D /* libRocketCore_d.a in Frameworks */ = {isa = PBXBuildFile; fileRef = 756C7CEB16F97232007BC63D /* libRocketCore_d.a */; };
		756C7CF316F97232007BC63D /* libSigCpp.a in Frameworks */ = {isa = PBXBuildFile; fileRef = 756C7CEC16F97232007BC63D /* libSigCpp.a */; };
		756C7D9F16F97F8A007BC63D /* libangelscript.a in Frameworks */ = {isa = PBXBuildFile; fileRef = 756C7D9E16F97F8A007BC63D /* libangelscript.a */; };
		756C7DA416F98407007BC63D /* AppMain.cpp in Sources */ = {isa = PBXBuildFile; fileRef = 756C7DA316F98407007BC63D /* AppMain.cpp */; };
/* End PBXBuildFile section */

/* Begin PBXFileReference section */
		7526796D15C108A800326B37 /* libz.dylib */ = {isa = PBXFileReference; lastKnownFileType = "compiled.mach-o.dylib"; name = libz.dylib; path = usr/lib/libz.dylib; sourceTree = SDKROOT; };
		75420A3B15C0E1840044183F /* iOSSample.app */ = {isa = PBXFileReference; explicitFileType = wrapper.application; includeInIndex = 0; path = iOSSample.app; sourceTree = BUILT_PRODUCTS_DIR; };
		75420A3F15C0E1840044183F /* UIKit.framework */ = {isa = PBXFileReference; lastKnownFileType = wrapper.framework; name = UIKit.framework; path = System/Library/Frameworks/UIKit.framework; sourceTree = SDKROOT; };
		75420A4115C0E1840044183F /* Foundation.framework */ = {isa = PBXFileReference; lastKnownFileType = wrapper.framework; name = Foundation.framework; path = System/Library/Frameworks/Foundation.framework; sourceTree = SDKROOT; };
		75420A4315C0E1840044183F /* CoreGraphics.framework */ = {isa = PBXFileReference; lastKnownFileType = wrapper.framework; name = CoreGraphics.framework; path = System/Library/Frameworks/CoreGraphics.framework; sourceTree = SDKROOT; };
		75420A4515C0E1840044183F /* QuartzCore.framework */ = {isa = PBXFileReference; lastKnownFileType = wrapper.framework; name = QuartzCore.framework; path = System/Library/Frameworks/QuartzCore.framework; sourceTree = SDKROOT; };
		75420A4715C0E1840044183F /* OpenGLES.framework */ = {isa = PBXFileReference; lastKnownFileType = wrapper.framework; name = OpenGLES.framework; path = System/Library/Frameworks/OpenGLES.framework; sourceTree = SDKROOT; };
		75420A4B15C0E1840044183F /* iOSSample-Info.plist */ = {isa = PBXFileReference; lastKnownFileType = text.plist.xml; path = "iOSSample-Info.plist"; sourceTree = "<group>"; };
		75420A4D15C0E1840044183F /* en */ = {isa = PBXFileReference; lastKnownFileType = text.plist.strings; name = en; path = en.lproj/InfoPlist.strings; sourceTree = "<group>"; };
		75420A4F15C0E1840044183F /* main.m */ = {isa = PBXFileReference; lastKnownFileType = sourcecode.c.objc; path = main.m; sourceTree = "<group>"; };
		75420A5115C0E1840044183F /* iOSSample-Prefix.pch */ = {isa = PBXFileReference; lastKnownFileType = sourcecode.c.h; path = "iOSSample-Prefix.pch"; sourceTree = "<group>"; };
		75420A5215C0E1840044183F /* iOSSampleAppDelegate.h */ = {isa = PBXFileReference; lastKnownFileType = sourcecode.c.h; path = iOSSampleAppDelegate.h; sourceTree = "<group>"; };
		75420A5315C0E1840044183F /* iOSSampleAppDelegate.mm */ = {isa = PBXFileReference; lastKnownFileType = sourcecode.cpp.objcpp; path = iOSSampleAppDelegate.mm; sourceTree = "<group>"; };
		75420A5615C0E1840044183F /* en */ = {isa = PBXFileReference; lastKnownFileType = file.xib; name = en; path = en.lproj/MainWindow.xib; sourceTree = "<group>"; };
		75420A5C15C0E1840044183F /* EAGLView.h */ = {isa = PBXFileReference; lastKnownFileType = sourcecode.c.h; path = EAGLView.h; sourceTree = "<group>"; };
		75420A5D15C0E1840044183F /* EAGLView.mm */ = {isa = PBXFileReference; lastKnownFileType = sourcecode.cpp.objcpp; path = EAGLView.mm; sourceTree = "<group>"; };
		75420A5F15C0E1840044183F /* iOSSampleViewController.h */ = {isa = PBXFileReference; lastKnownFileType = sourcecode.c.h; path = iOSSampleViewController.h; sourceTree = "<group>"; };
		75420A6015C0E1840044183F /* iOSSampleViewController.mm */ = {isa = PBXFileReference; lastKnownFileType = sourcecode.cpp.objcpp; path = iOSSampleViewController.mm; sourceTree = "<group>"; };
		75420A6315C0E1840044183F /* en */ = {isa = PBXFileReference; lastKnownFileType = file.xib; name = en; path = en.lproj/iOSSampleViewController.xib; sourceTree = "<group>"; };
		756C7CBA16F96CB8007BC63D /* PortabilityTest.cpp */ = {isa = PBXFileReference; fileEncoding = 4; lastKnownFileType = sourcecode.cpp.cpp; name = PortabilityTest.cpp; path = ../../Portability/PortabilityTest.cpp; sourceTree = "<group>"; };
		756C7CBB16F96CB8007BC63D /* PortabilityTest.h */ = {isa = PBXFileReference; fileEncoding = 4; lastKnownFileType = sourcecode.c.h; name = PortabilityTest.h; path = ../../Portability/PortabilityTest.h; sourceTree = "<group>"; };
		756C7CE416F97217007BC63D /* libParabolaEngine.a */ = {isa = PBXFileReference; lastKnownFileType = archive.ar; name = libParabolaEngine.a; path = ../../Externals/iOS/libParabolaEngine.a; sourceTree = "<group>"; };
		756C7CE616F97232007BC63D /* libBox2D.a */ = {isa = PBXFileReference; lastKnownFileType = archive.ar; name = libBox2D.a; path = ../../Externals/iOS/libBox2D.a; sourceTree = "<group>"; };
		756C7CE716F97232007BC63D /* libENET.a */ = {isa = PBXFileReference; lastKnownFileType = archive.ar; name = libENET.a; path = ../../Externals/iOS/libENET.a; sourceTree = "<group>"; };
		756C7CE816F97232007BC63D /* libfreetype.a */ = {isa = PBXFileReference; lastKnownFileType = archive.ar; name = libfreetype.a; path = ../../Externals/iOS/libfreetype.a; sourceTree = "<group>"; };
		756C7CE916F97232007BC63D /* libGLUES.a */ = {isa = PBXFileReference; lastKnownFileType = archive.ar; name = libGLUES.a; path = ../../Externals/iOS/libGLUES.a; sourceTree = "<group>"; };
		756C7CEA16F97232007BC63D /* libRocketControls_d.a */ = {isa = PBXFileReference; lastKnownFileType = archive.ar; name = libRocketControls_d.a; path = ../../Externals/iOS/libRocketControls_d.a; sourceTree = "<group>"; };
		756C7CEB16F97232007BC63D /* libRocketCore_d.a */ = {isa = PBXFileReference; lastKnownFileType = archive.ar; name = libRocketCore_d.a; path = ../../Externals/iOS/libRocketCore_d.a; sourceTree = "<group>"; };
		756C7CEC16F97232007BC63D /* libSigCpp.a */ = {isa = PBXFileReference; lastKnownFileType = archive.ar; name = libSigCpp.a; path = ../../Externals/iOS/libSigCpp.a; sourceTree = "<group>"; };
		756C7D9E16F97F8A007BC63D /* libangelscript.a */ = {isa = PBXFileReference; lastKnownFileType = archive.ar; name = libangelscript.a; path = ../../Externals/iOS/libangelscript.a; sourceTree = "<group>"; };
		756C7DA116F9832E007BC63D /* ParabolaMain.h */ = {isa = PBXFileReference; fileEncoding = 4; lastKnownFileType = sourcecode.c.h; name = ParabolaMain.h; path = ../../../Include/ParabolaCore/ParabolaMain.h; sourceTree = "<group>"; };
		756C7DA216F983C0007BC63D /* iOS_Bridge.h */ = {isa = PBXFileReference; fileEncoding = 4; lastKnownFileType = sourcecode.c.h; name = iOS_Bridge.h; path = ../../../Include/ParabolaCore/iOS_Bridge.h; sourceTree = "<group>"; };
		756C7DA316F98407007BC63D /* AppMain.cpp */ = {isa = PBXFileReference; fileEncoding = 4; lastKnownFileType = sourcecode.cpp.cpp; name = AppMain.cpp; path = ../../Portability/AppMain.cpp; sourceTree = "<group>"; };
/* End PBXFileReference section */

/* Begin PBXFrameworksBuildPhase section */
		75420A3815C0E1840044183F /* Frameworks */ = {
			isa = PBXFrameworksBuildPhase;
			buildActionMask = 2147483647;
			files = (
				7526796E15C108A800326B37 /* libz.dylib in Frameworks */,
				75420A4015C0E1840044183F /* UIKit.framework in Frameworks */,
				75420A4215C0E1840044183F /* Foundation.framework in Frameworks */,
				75420A4415C0E1840044183F /* CoreGraphics.framework in Frameworks */,
				75420A4615C0E1840044183F /* QuartzCore.framework in Frameworks */,
				75420A4815C0E1840044183F /* OpenGLES.framework in Frameworks */,
				756C7CE516F97217007BC63D /* libParabolaEngine.a in Frameworks */,
				756C7CED16F97232007BC63D /* libBox2D.a in Frameworks */,
				756C7CEE16F97232007BC63D /* libENET.a in Frameworks */,
				756C7CEF16F97232007BC63D /* libfreetype.a in Frameworks */,
				756C7CF016F97232007BC63D /* libGLUES.a in Frameworks */,
				756C7CF116F97232007BC63D /* libRocketControls_d.a in Frameworks */,
				756C7CF216F97232007BC63D /* libRocketCore_d.a in Frameworks */,
				756C7CF316F97232007BC63D /* libSigCpp.a in Frameworks */,
				756C7D9F16F97F8A007BC63D /* libangelscript.a in Frameworks */,
			);
			runOnlyForDeploymentPostprocessing = 0;
		};
/* End PBXFrameworksBuildPhase section */

/* Begin PBXGroup section */
		75420A3015C0E1830044183F = {
			isa = PBXGroup;
			children = (
				7526796D15C108A800326B37 /* libz.dylib */,
				75420A4915C0E1840044183F /* iOSSample */,
				75420A3E15C0E1840044183F /* Frameworks */,
				75420A3C15C0E1840044183F /* Products */,
			);
			sourceTree = "<group>";
		};
		75420A3C15C0E1840044183F /* Products */ = {
			isa = PBXGroup;
			children = (
				75420A3B15C0E1840044183F /* iOSSample.app */,
			);
			name = Products;
			sourceTree = "<group>";
		};
		75420A3E15C0E1840044183F /* Frameworks */ = {
			isa = PBXGroup;
			children = (
				756C7D9E16F97F8A007BC63D /* libangelscript.a */,
				756C7CE616F97232007BC63D /* libBox2D.a */,
				756C7CE716F97232007BC63D /* libENET.a */,
				756C7CE816F97232007BC63D /* libfreetype.a */,
				756C7CE916F97232007BC63D /* libGLUES.a */,
				756C7CEA16F97232007BC63D /* libRocketControls_d.a */,
				756C7CEB16F97232007BC63D /* libRocketCore_d.a */,
				756C7CEC16F97232007BC63D /* libSigCpp.a */,
				756C7CE416F97217007BC63D /* libParabolaEngine.a */,
				75420A3F15C0E1840044183F /* UIKit.framework */,
				75420A4115C0E1840044183F /* Foundation.framework */,
				75420A4315C0E1840044183F /* CoreGraphics.framework */,
				75420A4515C0E1840044183F /* QuartzCore.framework */,
				75420A4715C0E1840044183F /* OpenGLES.framework */,
			);
			name = Frameworks;
			sourceTree = "<group>";
		};
		75420A4915C0E1840044183F /* iOSSample */ = {
			isa = PBXGroup;
			children = (
				756C7DA116F9832E007BC63D /* ParabolaMain.h */,
				756C7DA216F983C0007BC63D /* iOS_Bridge.h */,
				756C7DA316F98407007BC63D /* AppMain.cpp */,
				756C7CBA16F96CB8007BC63D /* PortabilityTest.cpp */,
				756C7CBB16F96CB8007BC63D /* PortabilityTest.h */,
				75420A5215C0E1840044183F /* iOSSampleAppDelegate.h */,
				75420A5315C0E1840044183F /* iOSSampleAppDelegate.mm */,
				75420A5515C0E1840044183F /* MainWindow.xib */,
				75420A5C15C0E1840044183F /* EAGLView.h */,
				75420A5D15C0E1840044183F /* EAGLView.mm */,
				75420A5F15C0E1840044183F /* iOSSampleViewController.h */,
				75420A6015C0E1840044183F /* iOSSampleViewController.mm */,
				75420A6215C0E1840044183F /* iOSSampleViewController.xib */,
				75420A4A15C0E1840044183F /* Supporting Files */,
			);
			path = iOSSample;
			sourceTree = "<group>";
		};
		75420A4A15C0E1840044183F /* Supporting Files */ = {
			isa = PBXGroup;
			children = (
				75420A4B15C0E1840044183F /* iOSSample-Info.plist */,
				75420A4C15C0E1840044183F /* InfoPlist.strings */,
				75420A4F15C0E1840044183F /* main.m */,
				75420A5115C0E1840044183F /* iOSSample-Prefix.pch */,
			);
			name = "Supporting Files";
			sourceTree = "<group>";
		};
/* End PBXGroup section */

/* Begin PBXNativeTarget section */
		75420A3A15C0E1840044183F /* iOSSample */ = {
			isa = PBXNativeTarget;
			buildConfigurationList = 75420A6715C0E1840044183F /* Build configuration list for PBXNativeTarget "iOSSample" */;
			buildPhases = (
				75420A3715C0E1840044183F /* Sources */,
				75420A3815C0E1840044183F /* Frameworks */,
				75420A3915C0E1840044183F /* Resources */,
			);
			buildRules = (
			);
			dependencies = (
			);
			name = iOSSample;
			productName = iOSSample;
			productReference = 75420A3B15C0E1840044183F /* iOSSample.app */;
			productType = "com.apple.product-type.application";
		};
/* End PBXNativeTarget section */

/* Begin PBXProject section */
		75420A3215C0E1830044183F /* Project object */ = {
			isa = PBXProject;
			buildConfigurationList = 75420A3515C0E1830044183F /* Build configuration list for PBXProject "iOSSample" */;
			compatibilityVersion = "Xcode 3.2";
			developmentRegion = English;
			hasScannedForEncodings = 0;
			knownRegions = (
				en,
			);
			mainGroup = 75420A3015C0E1830044183F;
			productRefGroup = 75420A3C15C0E1840044183F /* Products */;
			projectDirPath = "";
			projectRoot = "";
			targets = (
				75420A3A15C0E1840044183F /* iOSSample */,
			);
		};
/* End PBXProject section */

/* Begin PBXResourcesBuildPhase section */
		75420A3915C0E1840044183F /* Resources */ = {
			isa = PBXResourcesBuildPhase;
			buildActionMask = 2147483647;
			files = (
				75420A4E15C0E1840044183F /* InfoPlist.strings in Resources */,
				75420A5715C0E1840044183F /* MainWindow.xib in Resources */,
				75420A6415C0E1840044183F /* iOSSampleViewController.xib in Resources */,
			);
			runOnlyForDeploymentPostprocessing = 0;
		};
/* End PBXResourcesBuildPhase section */

/* Begin PBXSourcesBuildPhase section */
		75420A3715C0E1840044183F /* Sources */ = {
			isa = PBXSourcesBuildPhase;
			buildActionMask = 2147483647;
			files = (
				75420A5015C0E1840044183F /* main.m in Sources */,
				75420A5415C0E1840044183F /* iOSSampleAppDelegate.mm in Sources */,
				75420A5E15C0E1840044183F /* EAGLView.mm in Sources */,
				75420A6115C0E1840044183F /* iOSSampleViewController.mm in Sources */,
				756C7CBC16F96CB8007BC63D /* PortabilityTest.cpp in Sources */,
				756C7DA416F98407007BC63D /* AppMain.cpp in Sources */,
			);
			runOnlyForDeploymentPostprocessing = 0;
		};
/* End PBXSourcesBuildPhase section */

/* Begin PBXVariantGroup section */
		75420A4C15C0E1840044183F /* InfoPlist.strings */ = {
			isa = PBXVariantGroup;
			children = (
				75420A4D15C0E1840044183F /* en */,
			);
			name = InfoPlist.strings;
			sourceTree = "<group>";
		};
		75420A5515C0E1840044183F /* MainWindow.xib */ = {
			isa = PBXVariantGroup;
			children = (
				75420A5615C0E1840044183F /* en */,
			);
			name = MainWindow.xib;
			sourceTree = "<group>";
		};
		75420A6215C0E1840044183F /* iOSSampleViewController.xib */ = {
			isa = PBXVariantGroup;
			children = (
				75420A6315C0E1840044183F /* en */,
			);
			name = iOSSampleViewController.xib;
			sourceTree = "<group>";
		};
/* End PBXVariantGroup section */

/* Begin XCBuildConfiguration section */
		75420A6515C0E1840044183F /* Debug */ = {
			isa = XCBuildConfiguration;
			buildSettings = {
				ALWAYS_SEARCH_USER_PATHS = NO;
				ARCHS = "$(ARCHS_STANDARD_32_BIT)";
				"CODE_SIGN_IDENTITY[sdk=iphoneos*]" = "iPhone Developer";
				COPY_PHASE_STRIP = NO;
				GCC_C_LANGUAGE_STANDARD = gnu99;
				GCC_DYNAMIC_NO_PIC = NO;
				GCC_OPTIMIZATION_LEVEL = 0;
				GCC_PREPROCESSOR_DEFINITIONS = (
					"DEBUG=1",
					"$(inherited)",
				);
				GCC_SYMBOLS_PRIVATE_EXTERN = NO;
				GCC_VERSION = com.apple.compilers.llvmgcc42;
				GCC_WARN_ABOUT_MISSING_PROTOTYPES = YES;
				GCC_WARN_ABOUT_RETURN_TYPE = YES;
				GCC_WARN_UNUSED_VARIABLE = YES;
				IPHONEOS_DEPLOYMENT_TARGET = 5.1;
				SDKROOT = iphoneos;
			};
			name = Debug;
		};
		75420A6615C0E1840044183F /* Release */ = {
			isa = XCBuildConfiguration;
			buildSettings = {
				ALWAYS_SEARCH_USER_PATHS = NO;
				ARCHS = "$(ARCHS_STANDARD_32_BIT)";
				"CODE_SIGN_IDENTITY[sdk=iphoneos*]" = "iPhone Developer";
				COPY_PHASE_STRIP = YES;
				GCC_C_LANGUAGE_STANDARD = gnu99;
				GCC_VERSION = com.apple.compilers.llvmgcc42;
				GCC_WARN_ABOUT_MISSING_PROTOTYPES = YES;
				GCC_WARN_ABOUT_RETURN_TYPE = YES;
				GCC_WARN_UNUSED_VARIABLE = YES;
				IPHONEOS_DEPLOYMENT_TARGET = 5.1;
				OTHER_CFLAGS = "-DNS_BLOCK_ASSERTIONS=1";
				SDKROOT = iphoneos;
				VALIDATE_PRODUCT = YES;
			};
			name = Release;
		};
		75420A6815C0E1840044183F /* Debug */ = {
			isa = XCBuildConfiguration;
			buildSettings = {
				GCC_PRECOMPILE_PREFIX_HEADER = YES;
				GCC_PREFIX_HEADER = "iOSSample/iOSSample-Prefix.pch";
				"GCC_THUMB_SUPPORT[arch=armv6]" = "";
				HEADER_SEARCH_PATHS = /Users/Artur/Desktop/ParabolaEngine/Include/;
				INFOPLIST_FILE = "iOSSample/iOSSample-Info.plist";
				LIBRARY_SEARCH_PATHS = (
					"$(inherited)",
					"\"$(SRCROOT)/../Library/Build/osx/ParabolaEngine/Output/ParabolaEngine/Build/Products/Debug-universal\"",
					"\"$(SRCROOT)/../../Externals/iOS\"",
				);
				PRODUCT_NAME = "$(TARGET_NAME)";
				WRAPPER_EXTENSION = app;
			};
			name = Debug;
		};
		75420A6915C0E1840044183F /* Release */ = {
			isa = XCBuildConfiguration;
			buildSettings = {
				GCC_PRECOMPILE_PREFIX_HEADER = YES;
				GCC_PREFIX_HEADER = "iOSSample/iOSSample-Prefix.pch";
				"GCC_THUMB_SUPPORT[arch=armv6]" = "";
				HEADER_SEARCH_PATHS = /Users/Artur/Desktop/ParabolaEngine/Include/;
				INFOPLIST_FILE = "iOSSample/iOSSample-Info.plist";
				LIBRARY_SEARCH_PATHS = (
					"$(inherited)",
					"\"$(SRCROOT)/../Library/Build/osx/ParabolaEngine/Output/ParabolaEngine/Build/Products/Debug-universal\"",
					"\"$(SRCROOT)/../Library/Externals/iOS\"",
					"\"$(SRCROOT)/../../Externals/iOS\"",
				);
				PRODUCT_NAME = "$(TARGET_NAME)";
				WRAPPER_EXTENSION = app;
			};
			name = Release;
		};
/* End XCBuildConfiguration section */

/* Begin XCConfigurationList section */
		75420A3515C0E1830044183F /* Build configuration list for PBXProject "iOSSample" */ = {
			isa = XCConfigurationList;
			buildConfigurations = (
				75420A6515C0E1840044183F /* Debug */,
				75420A6615C0E1840044183F /* Release */,
			);
			defaultConfigurationIsVisible = 0;
			defaultConfigurationName = Release;
		};
		75420A6715C0E1840044183F /* Build configuration list for PBXNativeTarget "iOSSample" */ = {
			isa = XCConfigurationList;
			buildConfigurations = (
				75420A6815C0E1840044183F /* Debug */,
				75420A6915C0E1840044183F /* Release */,
			);
			defaultConfigurationIsVisible = 0;
			defaultConfigurationName = Release;
		};
/* End XCConfigurationList section */
	};
	rootObject = 75420A3215C0E1830044183F /* Project object */;
}
